Microsoft Visual Studio Solution File, Format Version 12.00
# Visual Studio 2012
Project("{FAE04EC0-301F-11D3-BF4B-00C04F79EFBC}") = "GemCatcher", "GemCatcher.csproj", "{444B8D00-7E33-48FF-97A8-5E28A6342417}"
EndProject
Global
	GlobalSection(SolutionConfigurationPlatforms) = preSolution
	Debug|Any CPU = Debug|Any CPU
	ExportDebug|Any CPU = ExportDebug|Any CPU
	ExportRelease|Any CPU = ExportRelease|Any CPU
	EndGlobalSection
	GlobalSection(ProjectConfigurationPlatforms) = postSolution
		{444B8D00-7E33-48FF-97A8-5E28A6342417}.Debug|Any CPU.ActiveCfg = Debug|Any CPU
		{444B8D00-7E33-48FF-97A8-5E28A6342417}.Debug|Any CPU.Build.0 = Debug|Any CPU
		{444B8D00-7E33-48FF-97A8-5E28A6342417}.ExportDebug|Any CPU.ActiveCfg = ExportDebug|Any CPU
		{444B8D00-7E33-48FF-97A8-5E28A6342417}.ExportDebug|Any CPU.Build.0 = ExportDebug|Any CPU
		{444B8D00-7E33-48FF-97A8-5E28A6342417}.ExportRelease|Any CPU.ActiveCfg = ExportRelease|Any CPU
		{444B8D00-7E33-48FF-97A8-5E28A6342417}.ExportRelease|Any CPU.Build.0 = ExportRelease|Any CPU
	EndGlobalSection
EndGlobal
